// !$*UTF8*$!
{
	archiveVersion = 1;
	classes = {
	};
	objectVersion = 46;
	objects = {

/* Begin PBXBuildFile section */
		2FE62032EFC47F4FAA20D439 /* Pods.framework in Frameworks */ = {isa = PBXBuildFile; fileRef = E7AFF348788309629B3DA583 /* Pods.framework */; };
		EA010E611C4A25E400BBED0B /* ForgetPasswordViewController.swift in Sources */ = {isa = PBXBuildFile; fileRef = EA010E601C4A25E400BBED0B /* ForgetPasswordViewController.swift */; };
		EA010E641C4A261E00BBED0B /* ForgetPasswordSetViewController.swift in Sources */ = {isa = PBXBuildFile; fileRef = EA010E631C4A261E00BBED0B /* ForgetPasswordSetViewController.swift */; };
		EA010E661C4A28F400BBED0B /* Readme in Resources */ = {isa = PBXBuildFile; fileRef = EA010E651C4A28F400BBED0B /* Readme */; };
		EA010E681C4A291900BBED0B /* Readme in Resources */ = {isa = PBXBuildFile; fileRef = EA010E671C4A291900BBED0B /* Readme */; };
		EA010E6A1C4A295000BBED0B /* Readme in Resources */ = {isa = PBXBuildFile; fileRef = EA010E691C4A295000BBED0B /* Readme */; };
		EA010E6C1C4A295D00BBED0B /* Readme in Resources */ = {isa = PBXBuildFile; fileRef = EA010E6B1C4A295D00BBED0B /* Readme */; };
		EA065B291C5B09BF0062E84D /* GrowingDiaryMainViewController.swift in Sources */ = {isa = PBXBuildFile; fileRef = EA065B281C5B09BF0062E84D /* GrowingDiaryMainViewController.swift */; };
		EA0FFCB61C62EF5400945627 /* XKeyBoard.m in Sources */ = {isa = PBXBuildFile; fileRef = EA0FFCB51C62EF5400945627 /* XKeyBoard.m */; };
		EA0FFCB81C62FDE100945627 /* ImageViewController.swift in Sources */ = {isa = PBXBuildFile; fileRef = EA0FFCB71C62FDE100945627 /* ImageViewController.swift */; };
		EA143C7B1C44FAF800FC1F6C /* RegisterViewController.swift in Sources */ = {isa = PBXBuildFile; fileRef = EA143C7A1C44FAF800FC1F6C /* RegisterViewController.swift */; };
		EA14D9071C71736B00899963 /* BabyTodayInfoModel.swift in Sources */ = {isa = PBXBuildFile; fileRef = EA14D9061C71736B00899963 /* BabyTodayInfoModel.swift */; };
		EA14D9091C717BFF00899963 /* GetChange_sta_weiModel.swift in Sources */ = {isa = PBXBuildFile; fileRef = EA14D9081C717BFF00899963 /* GetChange_sta_weiModel.swift */; };
		EA1E169A1C3F5ECD00C97FCF /* Url.swift in Sources */ = {isa = PBXBuildFile; fileRef = EA1E16991C3F5ECD00C97FCF /* Url.swift */; };
		EA210EED1C3CA28F00BA9971 /* LoginViewController.swift in Sources */ = {isa = PBXBuildFile; fileRef = EA210EEC1C3CA28F00BA9971 /* LoginViewController.swift */; };
		EA35CFC91C3E5C6E00FB60F9 /* Readme in Resources */ = {isa = PBXBuildFile; fileRef = EA35CFC81C3E5C6E00FB60F9 /* Readme */; };
		EA35CFCB1C3E5C8E00FB60F9 /* Readme in Resources */ = {isa = PBXBuildFile; fileRef = EA35CFCA1C3E5C8E00FB60F9 /* Readme */; };
		EA3ADD681C5D980F002FCA2D /* SaoYiSaoViewController.swift in Sources */ = {isa = PBXBuildFile; fileRef = EA3ADD671C5D980F002FCA2D /* SaoYiSaoViewController.swift */; };
		EA3ADD6C1C5DA2B3002FCA2D /* MyBabyTableViewController.swift in Sources */ = {isa = PBXBuildFile; fileRef = EA3ADD6B1C5DA2B3002FCA2D /* MyBabyTableViewController.swift */; };
		EA3ADD6E1C5DA4A3002FCA2D /* BabyTableViewCell.swift in Sources */ = {isa = PBXBuildFile; fileRef = EA3ADD6D1C5DA4A3002FCA2D /* BabyTableViewCell.swift */; };
		EA3ADD701C5DAA52002FCA2D /* TeacherTableViewCell.swift in Sources */ = {isa = PBXBuildFile; fileRef = EA3ADD6F1C5DAA52002FCA2D /* TeacherTableViewCell.swift */; };
		EA3ADD721C5DAA68002FCA2D /* TeacherTableViewController.swift in Sources */ = {isa = PBXBuildFile; fileRef = EA3ADD711C5DAA68002FCA2D /* TeacherTableViewController.swift */; };
		EA3ADD741C5DABEC002FCA2D /* SchoolInfoViewController.swift in Sources */ = {isa = PBXBuildFile; fileRef = EA3ADD731C5DABEC002FCA2D /* SchoolInfoViewController.swift */; };
		EA3ADD781C5DAD69002FCA2D /* WeekFoodTableViewController.swift in Sources */ = {isa = PBXBuildFile; fileRef = EA3ADD771C5DAD69002FCA2D /* WeekFoodTableViewController.swift */; };
		EA3ADD7A1C5DAE76002FCA2D /* FoodTableViewCell.swift in Sources */ = {isa = PBXBuildFile; fileRef = EA3ADD791C5DAE76002FCA2D /* FoodTableViewCell.swift */; };
		EA3ADD7C1C5DB2BB002FCA2D /* ZhaoPinTableViewController.swift in Sources */ = {isa = PBXBuildFile; fileRef = EA3ADD7B1C5DB2BB002FCA2D /* ZhaoPinTableViewController.swift */; };
		EA3ADD7E1C5DB2D4002FCA2D /* ZhaoPinTableViewCell.swift in Sources */ = {isa = PBXBuildFile; fileRef = EA3ADD7D1C5DB2D4002FCA2D /* ZhaoPinTableViewCell.swift */; };
		EA3ADD801C5DB3E1002FCA2D /* XingQuBanTableViewController.swift in Sources */ = {isa = PBXBuildFile; fileRef = EA3ADD7F1C5DB3E1002FCA2D /* XingQuBanTableViewController.swift */; };
		EA3ADD821C5DB3FD002FCA2D /* XingquCellTableViewCell.swift in Sources */ = {isa = PBXBuildFile; fileRef = EA3ADD811C5DB3FD002FCA2D /* XingquCellTableViewCell.swift */; };
		EA40E3951C30D33200072EC8 /* AppDelegate.swift in Sources */ = {isa = PBXBuildFile; fileRef = EA40E3941C30D33200072EC8 /* AppDelegate.swift */; };
		EA40E3971C30D33200072EC8 /* ViewController.swift in Sources */ = {isa = PBXBuildFile; fileRef = EA40E3961C30D33200072EC8 /* ViewController.swift */; };
		EA40E39A1C30D33200072EC8 /* Main.storyboard in Resources */ = {isa = PBXBuildFile; fileRef = EA40E3981C30D33200072EC8 /* Main.storyboard */; };
		EA40E39C1C30D33200072EC8 /* Assets.xcassets in Resources */ = {isa = PBXBuildFile; fileRef = EA40E39B1C30D33200072EC8 /* Assets.xcassets */; };
		EA40E39F1C30D33200072EC8 /* LaunchScreen.storyboard in Resources */ = {isa = PBXBuildFile; fileRef = EA40E39D1C30D33200072EC8 /* LaunchScreen.storyboard */; };
		EA40E3BE1C31197400072EC8 /* Podfile in Resources */ = {isa = PBXBuildFile; fileRef = EA40E3BD1C31197400072EC8 /* Podfile */; };
		EA40E3E71C3138A800072EC8 /* Http.swift in Sources */ = {isa = PBXBuildFile; fileRef = EA40E3E41C3138A800072EC8 /* Http.swift */; };
		EA40E3E81C3138A800072EC8 /* Httpresult.swift in Sources */ = {isa = PBXBuildFile; fileRef = EA40E3E51C3138A800072EC8 /* Httpresult.swift */; };
		EA40E3E91C3138A800072EC8 /* JSONJoy.swift in Sources */ = {isa = PBXBuildFile; fileRef = EA40E3E61C3138A800072EC8 /* JSONJoy.swift */; };
		EA4A70671C487DF100DAD9A1 /* RegisterGetCodeViewController.swift in Sources */ = {isa = PBXBuildFile; fileRef = EA4A70661C487DF100DAD9A1 /* RegisterGetCodeViewController.swift */; };
		EA4A70691C487E1D00DAD9A1 /* RegisterSetPasswordViewController.swift in Sources */ = {isa = PBXBuildFile; fileRef = EA4A70681C487E1D00DAD9A1 /* RegisterSetPasswordViewController.swift */; };
		EA4B63D91C5B1DE10042711F /* MyTableViewController.swift in Sources */ = {isa = PBXBuildFile; fileRef = EA4B63D81C5B1DE10042711F /* MyTableViewController.swift */; };
		EA4B63DB1C5B1DEF0042711F /* FriendsTableViewController.swift in Sources */ = {isa = PBXBuildFile; fileRef = EA4B63DA1C5B1DEF0042711F /* FriendsTableViewController.swift */; };
		EA4B63DD1C5B22FE0042711F /* DiaryTableViewCell.swift in Sources */ = {isa = PBXBuildFile; fileRef = EA4B63DC1C5B22FE0042711F /* DiaryTableViewCell.swift */; };
		EA4B63E11C5B60980042711F /* DiaryList.swift in Sources */ = {isa = PBXBuildFile; fileRef = EA4B63E01C5B60980042711F /* DiaryList.swift */; };
		EA59A3C71C313C2B003FBE82 /* Readme in Resources */ = {isa = PBXBuildFile; fileRef = EA59A3C61C313C2B003FBE82 /* Readme */; };
		EA59A3C91C313C32003FBE82 /* Readme in Resources */ = {isa = PBXBuildFile; fileRef = EA59A3C81C313C32003FBE82 /* Readme */; };
		EA59A3CD1C313C43003FBE82 /* Readme in Resources */ = {isa = PBXBuildFile; fileRef = EA59A3CC1C313C43003FBE82 /* Readme */; };
		EA59A3CF1C313C48003FBE82 /* Readme in Resources */ = {isa = PBXBuildFile; fileRef = EA59A3CE1C313C48003FBE82 /* Readme */; };
		EA59A3D11C313C4D003FBE82 /* Readme in Resources */ = {isa = PBXBuildFile; fileRef = EA59A3D01C313C4D003FBE82 /* Readme */; };
		EA59A3D31C313C5F003FBE82 /* Readme in Resources */ = {isa = PBXBuildFile; fileRef = EA59A3D21C313C5F003FBE82 /* Readme */; };
		EA59A3D51C313C64003FBE82 /* Readme in Resources */ = {isa = PBXBuildFile; fileRef = EA59A3D41C313C64003FBE82 /* Readme */; };
		EA59A3D71C313C69003FBE82 /* Readme in Resources */ = {isa = PBXBuildFile; fileRef = EA59A3D61C313C69003FBE82 /* Readme */; };
		EA59A3D91C313C70003FBE82 /* Readme in Resources */ = {isa = PBXBuildFile; fileRef = EA59A3D81C313C70003FBE82 /* Readme */; };
		EA59A3DB1C313C76003FBE82 /* Readme in Resources */ = {isa = PBXBuildFile; fileRef = EA59A3DA1C313C76003FBE82 /* Readme */; };
		EA59A3DD1C313C7B003FBE82 /* Readme in Resources */ = {isa = PBXBuildFile; fileRef = EA59A3DC1C313C7B003FBE82 /* Readme */; };
		EA59A3DF1C313C81003FBE82 /* Readme in Resources */ = {isa = PBXBuildFile; fileRef = EA59A3DE1C313C81003FBE82 /* Readme */; };
		EA59A3E11C313C85003FBE82 /* Readme in Resources */ = {isa = PBXBuildFile; fileRef = EA59A3E01C313C85003FBE82 /* Readme */; };
		EA59A3E31C313C89003FBE82 /* Readme in Resources */ = {isa = PBXBuildFile; fileRef = EA59A3E21C313C89003FBE82 /* Readme */; };
		EA59A3E51C313C90003FBE82 /* Readme in Resources */ = {isa = PBXBuildFile; fileRef = EA59A3E41C313C90003FBE82 /* Readme */; };
		EA5A8D7E1C72B376004D8308 /* ServerTableViewController.swift in Sources */ = {isa = PBXBuildFile; fileRef = EA5A8D7D1C72B376004D8308 /* ServerTableViewController.swift */; };
		EA5A8D801C72B7B9004D8308 /* HelpTableViewController.swift in Sources */ = {isa = PBXBuildFile; fileRef = EA5A8D7F1C72B7B9004D8308 /* HelpTableViewController.swift */; };
		EA5A8D821C72BEE3004D8308 /* MineInfoTableViewController.swift in Sources */ = {isa = PBXBuildFile; fileRef = EA5A8D811C72BEE3004D8308 /* MineInfoTableViewController.swift */; };
		EA5A8D841C7321EE004D8308 /* ExamplesDefaults.swift in Sources */ = {isa = PBXBuildFile; fileRef = EA5A8D831C7321EE004D8308 /* ExamplesDefaults.swift */; };
		EA5A8D861C732235004D8308 /* Env.swift in Sources */ = {isa = PBXBuildFile; fileRef = EA5A8D851C732235004D8308 /* Env.swift */; };
		EA7608161C4CD8BA00169C50 /* BabySpaceMainTableViewController.swift in Sources */ = {isa = PBXBuildFile; fileRef = EA7608151C4CD8BA00169C50 /* BabySpaceMainTableViewController.swift */; };
		EA78A1E51C59FC5500159F22 /* BlogCommentTableViewController.swift in Sources */ = {isa = PBXBuildFile; fileRef = EA78A1E41C59FC5500159F22 /* BlogCommentTableViewController.swift */; };
		EA78A1E71C5A329D00159F22 /* SchoolMainTableViewController.swift in Sources */ = {isa = PBXBuildFile; fileRef = EA78A1E61C5A329D00159F22 /* SchoolMainTableViewController.swift */; };
		EA902F101C326D6800CC5F6F /* readme in Resources */ = {isa = PBXBuildFile; fileRef = EA902F0F1C326D6800CC5F6F /* readme */; };
		EA9233B91C5469C100B12FF6 /* PictureList.swift in Sources */ = {isa = PBXBuildFile; fileRef = EA9233B81C5469C100B12FF6 /* PictureList.swift */; };
		EA93A7C91C5C5BCC009D4A1F /* QrCodeViewController.swift in Sources */ = {isa = PBXBuildFile; fileRef = EA93A7C81C5C5BCC009D4A1F /* QrCodeViewController.swift */; };
		EA93A7CC1C5C641C009D4A1F /* ScollViewController.swift in Sources */ = {isa = PBXBuildFile; fileRef = EA93A7CB1C5C641C009D4A1F /* ScollViewController.swift */; };
		EAAEB4C71C71DB170009710B /* WeightViewController.swift in Sources */ = {isa = PBXBuildFile; fileRef = EAAEB4C61C71DB170009710B /* WeightViewController.swift */; };
		EAC8177F1C57801B006B6B8F /* DianZanList.swift in Sources */ = {isa = PBXBuildFile; fileRef = EAC8177E1C57801B006B6B8F /* DianZanList.swift */; };
		EACA2A481C4FA0EC00A3ECD3 /* MineMainTableViewController.swift in Sources */ = {isa = PBXBuildFile; fileRef = EACA2A471C4FA0EC00A3ECD3 /* MineMainTableViewController.swift */; };
		EACA2A4A1C4FB9CE00A3ECD3 /* MineModel.swift in Sources */ = {isa = PBXBuildFile; fileRef = EACA2A491C4FB9CE00A3ECD3 /* MineModel.swift */; };
		EAE0A5CC1C50810700ECF86E /* ChildrenInfo.swift in Sources */ = {isa = PBXBuildFile; fileRef = EAE0A5CB1C50810700ECF86E /* ChildrenInfo.swift */; };
		EAE0A5CE1C5094F500ECF86E /* ServiceModel.swift in Sources */ = {isa = PBXBuildFile; fileRef = EAE0A5CD1C5094F500ECF86E /* ServiceModel.swift */; };
		EAE72E941C4099BB0038D055 /* MainTabbarViewController.swift in Sources */ = {isa = PBXBuildFile; fileRef = EAE72E931C4099BB0038D055 /* MainTabbarViewController.swift */; };
		EAEB9E781C51FEC200EACE1B /* CornerRadiusViewController.swift in Sources */ = {isa = PBXBuildFile; fileRef = EAEB9E771C51FEC200EACE1B /* CornerRadiusViewController.swift */; };
		EAEB9E821C5208F200EACE1B /* BlogMainTableTableViewController.swift in Sources */ = {isa = PBXBuildFile; fileRef = EAEB9E811C5208F200EACE1B /* BlogMainTableTableViewController.swift */; };
		EAEB9E841C5223F700EACE1B /* BlogCellTableViewCell.swift in Sources */ = {isa = PBXBuildFile; fileRef = EAEB9E831C5223F700EACE1B /* BlogCellTableViewCell.swift */; };
		EAF181A91C53772A007706CE /* BlogList.swift in Sources */ = {isa = PBXBuildFile; fileRef = EAF181A81C53772A007706CE /* BlogList.swift */; };
/* End PBXBuildFile section */

/* Begin PBXFileReference section */
		7FAF58DF0009EB15F3995775 /* Pods.release.xcconfig */ = {isa = PBXFileReference; includeInIndex = 1; lastKnownFileType = text.xcconfig; name = Pods.release.xcconfig; path = "Pods/Target Support Files/Pods/Pods.release.xcconfig"; sourceTree = "<group>"; };
		DD0CEFBF6B55340AB8318E55 /* Pods.debug.xcconfig */ = {isa = PBXFileReference; includeInIndex = 1; lastKnownFileType = text.xcconfig; name = Pods.debug.xcconfig; path = "Pods/Target Support Files/Pods/Pods.debug.xcconfig"; sourceTree = "<group>"; };
		E7AFF348788309629B3DA583 /* Pods.framework */ = {isa = PBXFileReference; explicitFileType = wrapper.framework; includeInIndex = 0; path = Pods.framework; sourceTree = BUILT_PRODUCTS_DIR; };
		EA010E601C4A25E400BBED0B /* ForgetPasswordViewController.swift */ = {isa = PBXFileReference; fileEncoding = 4; lastKnownFileType = sourcecode.swift; path = ForgetPasswordViewController.swift; sourceTree = "<group>"; };
		EA010E631C4A261E00BBED0B /* ForgetPasswordSetViewController.swift */ = {isa = PBXFileReference; fileEncoding = 4; lastKnownFileType = sourcecode.swift; path = ForgetPasswordSetViewController.swift; sourceTree = "<group>"; };
		EA010E651C4A28F400BBED0B /* Readme */ = {isa = PBXFileReference; fileEncoding = 4; lastKnownFileType = text; path = Readme; sourceTree = "<group>"; };
		EA010E671C4A291900BBED0B /* Readme */ = {isa = PBXFileReference; fileEncoding = 4; lastKnownFileType = text; path = Readme; sourceTree = "<group>"; };
		EA010E691C4A295000BBED0B /* Readme */ = {isa = PBXFileReference; fileEncoding = 4; lastKnownFileType = text; path = Readme; sourceTree = "<group>"; };
		EA010E6B1C4A295D00BBED0B /* Readme */ = {isa = PBXFileReference; fileEncoding = 4; lastKnownFileType = text; path = Readme; sourceTree = "<group>"; };
		EA065B281C5B09BF0062E84D /* GrowingDiaryMainViewController.swift */ = {isa = PBXFileReference; fileEncoding = 4; lastKnownFileType = sourcecode.swift; path = GrowingDiaryMainViewController.swift; sourceTree = "<group>"; };
		EA0FFCB41C62EF5400945627 /* XKeyBoard.h */ = {isa = PBXFileReference; fileEncoding = 4; lastKnownFileType = sourcecode.c.h; path = XKeyBoard.h; sourceTree = "<group>"; };
		EA0FFCB51C62EF5400945627 /* XKeyBoard.m */ = {isa = PBXFileReference; fileEncoding = 4; lastKnownFileType = sourcecode.c.objc; path = XKeyBoard.m; sourceTree = "<group>"; };
		EA0FFCB71C62FDE100945627 /* ImageViewController.swift */ = {isa = PBXFileReference; fileEncoding = 4; lastKnownFileType = sourcecode.swift; path = ImageViewController.swift; sourceTree = "<group>"; };
		EA143C7A1C44FAF800FC1F6C /* RegisterViewController.swift */ = {isa = PBXFileReference; fileEncoding = 4; lastKnownFileType = sourcecode.swift; path = RegisterViewController.swift; sourceTree = "<group>"; };
		EA14D9061C71736B00899963 /* BabyTodayInfoModel.swift */ = {isa = PBXFileReference; fileEncoding = 4; lastKnownFileType = sourcecode.swift; path = BabyTodayInfoModel.swift; sourceTree = "<group>"; };
		EA14D9081C717BFF00899963 /* GetChange_sta_weiModel.swift */ = {isa = PBXFileReference; fileEncoding = 4; lastKnownFileType = sourcecode.swift; path = GetChange_sta_weiModel.swift; sourceTree = "<group>"; };
		EA1E16991C3F5ECD00C97FCF /* Url.swift */ = {isa = PBXFileReference; fileEncoding = 4; lastKnownFileType = sourcecode.swift; path = Url.swift; sourceTree = "<group>"; };
		EA210EEC1C3CA28F00BA9971 /* LoginViewController.swift */ = {isa = PBXFileReference; fileEncoding = 4; lastKnownFileType = sourcecode.swift; path = LoginViewController.swift; sourceTree = "<group>"; };
		EA210EEE1C3CEE8300BA9971 /* WXT_Parents-Bridging-Header.h */ = {isa = PBXFileReference; lastKnownFileType = sourcecode.c.h; path = "WXT_Parents-Bridging-Header.h"; sourceTree = "<group>"; };
		EA35CFC81C3E5C6E00FB60F9 /* Readme */ = {isa = PBXFileReference; fileEncoding = 4; lastKnownFileType = text; path = Readme; sourceTree = "<group>"; };
		EA35CFCA1C3E5C8E00FB60F9 /* Readme */ = {isa = PBXFileReference; fileEncoding = 4; lastKnownFileType = text; path = Readme; sourceTree = "<group>"; };
		EA3ADD671C5D980F002FCA2D /* SaoYiSaoViewController.swift */ = {isa = PBXFileReference; fileEncoding = 4; lastKnownFileType = sourcecode.swift; path = SaoYiSaoViewController.swift; sourceTree = "<group>"; };
		EA3ADD6B1C5DA2B3002FCA2D /* MyBabyTableViewController.swift */ = {isa = PBXFileReference; fileEncoding = 4; lastKnownFileType = sourcecode.swift; path = MyBabyTableViewController.swift; sourceTree = "<group>"; };
		EA3ADD6D1C5DA4A3002FCA2D /* BabyTableViewCell.swift */ = {isa = PBXFileReference; fileEncoding = 4; lastKnownFileType = sourcecode.swift; path = BabyTableViewCell.swift; sourceTree = "<group>"; };
		EA3ADD6F1C5DAA52002FCA2D /* TeacherTableViewCell.swift */ = {isa = PBXFileReference; fileEncoding = 4; lastKnownFileType = sourcecode.swift; path = TeacherTableViewCell.swift; sourceTree = "<group>"; };
		EA3ADD711C5DAA68002FCA2D /* TeacherTableViewController.swift */ = {isa = PBXFileReference; fileEncoding = 4; lastKnownFileType = sourcecode.swift; path = TeacherTableViewController.swift; sourceTree = "<group>"; };
		EA3ADD731C5DABEC002FCA2D /* SchoolInfoViewController.swift */ = {isa = PBXFileReference; fileEncoding = 4; lastKnownFileType = sourcecode.swift; path = SchoolInfoViewController.swift; sourceTree = "<group>"; };
		EA3ADD771C5DAD69002FCA2D /* WeekFoodTableViewController.swift */ = {isa = PBXFileReference; fileEncoding = 4; lastKnownFileType = sourcecode.swift; path = WeekFoodTableViewController.swift; sourceTree = "<group>"; };
		EA3ADD791C5DAE76002FCA2D /* FoodTableViewCell.swift */ = {isa = PBXFileReference; fileEncoding = 4; lastKnownFileType = sourcecode.swift; path = FoodTableViewCell.swift; sourceTree = "<group>"; };
		EA3ADD7B1C5DB2BB002FCA2D /* ZhaoPinTableViewController.swift */ = {isa = PBXFileReference; fileEncoding = 4; lastKnownFileType = sourcecode.swift; path = ZhaoPinTableViewController.swift; sourceTree = "<group>"; };
		EA3ADD7D1C5DB2D4002FCA2D /* ZhaoPinTableViewCell.swift */ = {isa = PBXFileReference; fileEncoding = 4; lastKnownFileType = sourcecode.swift; path = ZhaoPinTableViewCell.swift; sourceTree = "<group>"; };
		EA3ADD7F1C5DB3E1002FCA2D /* XingQuBanTableViewController.swift */ = {isa = PBXFileReference; fileEncoding = 4; lastKnownFileType = sourcecode.swift; path = XingQuBanTableViewController.swift; sourceTree = "<group>"; };
		EA3ADD811C5DB3FD002FCA2D /* XingquCellTableViewCell.swift */ = {isa = PBXFileReference; fileEncoding = 4; lastKnownFileType = sourcecode.swift; path = XingquCellTableViewCell.swift; sourceTree = "<group>"; };
		EA40E3911C30D33200072EC8 /* WXT_Parents.app */ = {isa = PBXFileReference; explicitFileType = wrapper.application; includeInIndex = 0; path = WXT_Parents.app; sourceTree = BUILT_PRODUCTS_DIR; };
		EA40E3941C30D33200072EC8 /* AppDelegate.swift */ = {isa = PBXFileReference; lastKnownFileType = sourcecode.swift; path = AppDelegate.swift; sourceTree = "<group>"; };
		EA40E3961C30D33200072EC8 /* ViewController.swift */ = {isa = PBXFileReference; lastKnownFileType = sourcecode.swift; path = ViewController.swift; sourceTree = "<group>"; };
		EA40E3991C30D33200072EC8 /* Base */ = {isa = PBXFileReference; lastKnownFileType = file.storyboard; name = Base; path = Base.lproj/Main.storyboard; sourceTree = "<group>"; };
		EA40E39B1C30D33200072EC8 /* Assets.xcassets */ = {isa = PBXFileReference; lastKnownFileType = folder.assetcatalog; path = Assets.xcassets; sourceTree = "<group>"; };
		EA40E39E1C30D33200072EC8 /* Base */ = {isa = PBXFileReference; lastKnownFileType = file.storyboard; name = Base; path = Base.lproj/LaunchScreen.storyboard; sourceTree = "<group>"; };
		EA40E3A01C30D33200072EC8 /* Info.plist */ = {isa = PBXFileReference; lastKnownFileType = text.plist.xml; path = Info.plist; sourceTree = "<group>"; };
		EA40E3BD1C31197400072EC8 /* Podfile */ = {isa = PBXFileReference; fileEncoding = 4; lastKnownFileType = text; path = Podfile; sourceTree = "<group>"; xcLanguageSpecificationIdentifier = xcode.lang.ruby; };
		EA40E3E41C3138A800072EC8 /* Http.swift */ = {isa = PBXFileReference; fileEncoding = 4; lastKnownFileType = sourcecode.swift; name = Http.swift; path = ../Tool/Jsonjoy/Http.swift; sourceTree = "<group>"; };
		EA40E3E51C3138A800072EC8 /* Httpresult.swift */ = {isa = PBXFileReference; fileEncoding = 4; lastKnownFileType = sourcecode.swift; name = Httpresult.swift; path = ../../Tool/Jsonjoy/Httpresult.swift; sourceTree = "<group>"; };
		EA40E3E61C3138A800072EC8 /* JSONJoy.swift */ = {isa = PBXFileReference; fileEncoding = 4; lastKnownFileType = sourcecode.swift; path = JSONJoy.swift; sourceTree = "<group>"; };
		EA4A70661C487DF100DAD9A1 /* RegisterGetCodeViewController.swift */ = {isa = PBXFileReference; fileEncoding = 4; lastKnownFileType = sourcecode.swift; path = RegisterGetCodeViewController.swift; sourceTree = "<group>"; };
		EA4A70681C487E1D00DAD9A1 /* RegisterSetPasswordViewController.swift */ = {isa = PBXFileReference; fileEncoding = 4; lastKnownFileType = sourcecode.swift; path = RegisterSetPasswordViewController.swift; sourceTree = "<group>"; };
		EA4B63D81C5B1DE10042711F /* MyTableViewController.swift */ = {isa = PBXFileReference; fileEncoding = 4; lastKnownFileType = sourcecode.swift; path = MyTableViewController.swift; sourceTree = "<group>"; };
		EA4B63DA1C5B1DEF0042711F /* FriendsTableViewController.swift */ = {isa = PBXFileReference; fileEncoding = 4; lastKnownFileType = sourcecode.swift; path = FriendsTableViewController.swift; sourceTree = "<group>"; };
		EA4B63DC1C5B22FE0042711F /* DiaryTableViewCell.swift */ = {isa = PBXFileReference; fileEncoding = 4; lastKnownFileType = sourcecode.swift; name = DiaryTableViewCell.swift; path = ../../School/View/DiaryTableViewCell.swift; sourceTree = "<group>"; };
		EA4B63E01C5B60980042711F /* DiaryList.swift */ = {isa = PBXFileReference; fileEncoding = 4; lastKnownFileType = sourcecode.swift; path = DiaryList.swift; sourceTree = "<group>"; };
		EA59A3C61C313C2B003FBE82 /* Readme */ = {isa = PBXFileReference; fileEncoding = 4; lastKnownFileType = text; path = Readme; sourceTree = "<group>"; };
		EA59A3C81C313C32003FBE82 /* Readme */ = {isa = PBXFileReference; fileEncoding = 4; lastKnownFileType = text; path = Readme; sourceTree = "<group>"; };
		EA59A3CC1C313C43003FBE82 /* Readme */ = {isa = PBXFileReference; fileEncoding = 4; lastKnownFileType = text; path = Readme; sourceTree = "<group>"; };
		EA59A3CE1C313C48003FBE82 /* Readme */ = {isa = PBXFileReference; fileEncoding = 4; lastKnownFileType = text; path = Readme; sourceTree = "<group>"; };
		EA59A3D01C313C4D003FBE82 /* Readme */ = {isa = PBXFileReference; fileEncoding = 4; lastKnownFileType = text; path = Readme; sourceTree = "<group>"; };
		EA59A3D21C313C5F003FBE82 /* Readme */ = {isa = PBXFileReference; fileEncoding = 4; lastKnownFileType = text; path = Readme; sourceTree = "<group>"; };
		EA59A3D41C313C64003FBE82 /* Readme */ = {isa = PBXFileReference; fileEncoding = 4; lastKnownFileType = text; path = Readme; sourceTree = "<group>"; };
		EA59A3D61C313C69003FBE82 /* Readme */ = {isa = PBXFileReference; fileEncoding = 4; lastKnownFileType = text; path = Readme; sourceTree = "<group>"; };
		EA59A3D81C313C70003FBE82 /* Readme */ = {isa = PBXFileReference; fileEncoding = 4; lastKnownFileType = text; path = Readme; sourceTree = "<group>"; };
		EA59A3DA1C313C76003FBE82 /* Readme */ = {isa = PBXFileReference; fileEncoding = 4; lastKnownFileType = text; path = Readme; sourceTree = "<group>"; };
		EA59A3DC1C313C7B003FBE82 /* Readme */ = {isa = PBXFileReference; fileEncoding = 4; lastKnownFileType = text; path = Readme; sourceTree = "<group>"; };
		EA59A3DE1C313C81003FBE82 /* Readme */ = {isa = PBXFileReference; fileEncoding = 4; lastKnownFileType = text; path = Readme; sourceTree = "<group>"; };
		EA59A3E01C313C85003FBE82 /* Readme */ = {isa = PBXFileReference; fileEncoding = 4; lastKnownFileType = text; path = Readme; sourceTree = "<group>"; };
		EA59A3E21C313C89003FBE82 /* Readme */ = {isa = PBXFileReference; fileEncoding = 4; lastKnownFileType = text; path = Readme; sourceTree = "<group>"; };
		EA59A3E41C313C90003FBE82 /* Readme */ = {isa = PBXFileReference; fileEncoding = 4; lastKnownFileType = text; path = Readme; sourceTree = "<group>"; };
		EA5A8D7D1C72B376004D8308 /* ServerTableViewController.swift */ = {isa = PBXFileReference; fileEncoding = 4; lastKnownFileType = sourcecode.swift; path = ServerTableViewController.swift; sourceTree = "<group>"; };
		EA5A8D7F1C72B7B9004D8308 /* HelpTableViewController.swift */ = {isa = PBXFileReference; fileEncoding = 4; lastKnownFileType = sourcecode.swift; path = HelpTableViewController.swift; sourceTree = "<group>"; };
		EA5A8D811C72BEE3004D8308 /* MineInfoTableViewController.swift */ = {isa = PBXFileReference; fileEncoding = 4; lastKnownFileType = sourcecode.swift; path = MineInfoTableViewController.swift; sourceTree = "<group>"; };
		EA5A8D831C7321EE004D8308 /* ExamplesDefaults.swift */ = {isa = PBXFileReference; fileEncoding = 4; lastKnownFileType = sourcecode.swift; path = ExamplesDefaults.swift; sourceTree = "<group>"; };
		EA5A8D851C732235004D8308 /* Env.swift */ = {isa = PBXFileReference; fileEncoding = 4; lastKnownFileType = sourcecode.swift; path = Env.swift; sourceTree = "<group>"; };
		EA7608151C4CD8BA00169C50 /* BabySpaceMainTableViewController.swift */ = {isa = PBXFileReference; fileEncoding = 4; lastKnownFileType = sourcecode.swift; path = BabySpaceMainTableViewController.swift; sourceTree = "<group>"; };
		EA78A1E41C59FC5500159F22 /* BlogCommentTableViewController.swift */ = {isa = PBXFileReference; fileEncoding = 4; lastKnownFileType = sourcecode.swift; path = BlogCommentTableViewController.swift; sourceTree = "<group>"; };
		EA78A1E61C5A329D00159F22 /* SchoolMainTableViewController.swift */ = {isa = PBXFileReference; fileEncoding = 4; lastKnownFileType = sourcecode.swift; name = SchoolMainTableViewController.swift; path = ../SchoolMainTableViewController.swift; sourceTree = "<group>"; };
		EA902F0F1C326D6800CC5F6F /* readme */ = {isa = PBXFileReference; fileEncoding = 4; lastKnownFileType = text; path = readme; sourceTree = "<group>"; };
		EA9233B81C5469C100B12FF6 /* PictureList.swift */ = {isa = PBXFileReference; fileEncoding = 4; lastKnownFileType = sourcecode.swift; path = PictureList.swift; sourceTree = "<group>"; };
		EA93A7C81C5C5BCC009D4A1F /* QrCodeViewController.swift */ = {isa = PBXFileReference; fileEncoding = 4; lastKnownFileType = sourcecode.swift; path = QrCodeViewController.swift; sourceTree = "<group>"; };
		EA93A7CB1C5C641C009D4A1F /* ScollViewController.swift */ = {isa = PBXFileReference; fileEncoding = 4; lastKnownFileType = sourcecode.swift; path = ScollViewController.swift; sourceTree = "<group>"; };
		EAAEB4C61C71DB170009710B /* WeightViewController.swift */ = {isa = PBXFileReference; fileEncoding = 4; lastKnownFileType = sourcecode.swift; path = WeightViewController.swift; sourceTree = "<group>"; };
		EAC8177E1C57801B006B6B8F /* DianZanList.swift */ = {isa = PBXFileReference; fileEncoding = 4; lastKnownFileType = sourcecode.swift; path = DianZanList.swift; sourceTree = "<group>"; };
		EACA2A471C4FA0EC00A3ECD3 /* MineMainTableViewController.swift */ = {isa = PBXFileReference; fileEncoding = 4; lastKnownFileType = sourcecode.swift; path = MineMainTableViewController.swift; sourceTree = "<group>"; };
		EACA2A491C4FB9CE00A3ECD3 /* MineModel.swift */ = {isa = PBXFileReference; fileEncoding = 4; lastKnownFileType = sourcecode.swift; path = MineModel.swift; sourceTree = "<group>"; };
		EAE0A5CB1C50810700ECF86E /* ChildrenInfo.swift */ = {isa = PBXFileReference; fileEncoding = 4; lastKnownFileType = sourcecode.swift; name = ChildrenInfo.swift; path = ../../Mine/Model/ChildrenInfo.swift; sourceTree = "<group>"; };
		EAE0A5CD1C5094F500ECF86E /* ServiceModel.swift */ = {isa = PBXFileReference; fileEncoding = 4; lastKnownFileType = sourcecode.swift; path = ServiceModel.swift; sourceTree = "<group>"; };
		EAE72E931C4099BB0038D055 /* MainTabbarViewController.swift */ = {isa = PBXFileReference; fileEncoding = 4; lastKnownFileType = sourcecode.swift; path = MainTabbarViewController.swift; sourceTree = "<group>"; };
		EAEB9E771C51FEC200EACE1B /* CornerRadiusViewController.swift */ = {isa = PBXFileReference; fileEncoding = 4; lastKnownFileType = sourcecode.swift; path = CornerRadiusViewController.swift; sourceTree = "<group>"; };
		EAEB9E811C5208F200EACE1B /* BlogMainTableTableViewController.swift */ = {isa = PBXFileReference; fileEncoding = 4; lastKnownFileType = sourcecode.swift; path = BlogMainTableTableViewController.swift; sourceTree = "<group>"; };
		EAEB9E831C5223F700EACE1B /* BlogCellTableViewCell.swift */ = {isa = PBXFileReference; fileEncoding = 4; lastKnownFileType = sourcecode.swift; path = BlogCellTableViewCell.swift; sourceTree = "<group>"; };
		EAF181A81C53772A007706CE /* BlogList.swift */ = {isa = PBXFileReference; fileEncoding = 4; lastKnownFileType = sourcecode.swift; path = BlogList.swift; sourceTree = "<group>"; };
/* End PBXFileReference section */

/* Begin PBXFrameworksBuildPhase section */
		EA40E38E1C30D33200072EC8 /* Frameworks */ = {
			isa = PBXFrameworksBuildPhase;
			buildActionMask = 2147483647;
			files = (
				2FE62032EFC47F4FAA20D439 /* Pods.framework in Frameworks */,
			);
			runOnlyForDeploymentPostprocessing = 0;
		};
/* End PBXFrameworksBuildPhase section */

/* Begin PBXGroup section */
		733DC6B624A1E4A6F7447FCA /* Frameworks */ = {
			isa = PBXGroup;
			children = (
				E7AFF348788309629B3DA583 /* Pods.framework */,
			);
			name = Frameworks;
			sourceTree = "<group>";
		};
		E5A0CAA6007BB6929C39155D /* Pods */ = {
			isa = PBXGroup;
			children = (
				DD0CEFBF6B55340AB8318E55 /* Pods.debug.xcconfig */,
				7FAF58DF0009EB15F3995775 /* Pods.release.xcconfig */,
			);
			name = Pods;
			sourceTree = "<group>";
		};
		EA010E5C1C4A259000BBED0B /* ForgetPassword */ = {
			isa = PBXGroup;
			children = (
				EA010E5F1C4A25B900BBED0B /* Model */,
				EA010E5E1C4A25B100BBED0B /* View */,
				EA010E5D1C4A25A400BBED0B /* Controller */,
			);
			name = ForgetPassword;
			sourceTree = "<group>";
		};
		EA010E5D1C4A25A400BBED0B /* Controller */ = {
			isa = PBXGroup;
			children = (
				EA010E601C4A25E400BBED0B /* ForgetPasswordViewController.swift */,
				EA010E631C4A261E00BBED0B /* ForgetPasswordSetViewController.swift */,
			);
			name = Controller;
			sourceTree = "<group>";
		};
		EA010E5E1C4A25B100BBED0B /* View */ = {
			isa = PBXGroup;
			children = (
				EA010E671C4A291900BBED0B /* Readme */,
			);
			name = View;
			sourceTree = "<group>";
		};
		EA010E5F1C4A25B900BBED0B /* Model */ = {
			isa = PBXGroup;
			children = (
				EA010E651C4A28F400BBED0B /* Readme */,
			);
			name = Model;
			sourceTree = "<group>";
		};
		EA143C791C44FACD00FC1F6C /* Register */ = {
			isa = PBXGroup;
			children = (
				EA4A70651C487DB700DAD9A1 /* Model */,
				EA4A70641C487DB100DAD9A1 /* View */,
				EA4A70631C487DA200DAD9A1 /* Controller */,
			);
			name = Register;
			sourceTree = "<group>";
		};
		EA210EEB1C3CA25500BA9971 /* Login */ = {
			isa = PBXGroup;
			children = (
				EA35CFC51C3E450C00FB60F9 /* Controller */,
				EA35CFC41C3E44FF00FB60F9 /* View */,
				EA35CFC31C3E44F000FB60F9 /* Model */,
			);
			path = Login;
			sourceTree = "<group>";
		};
		EA35CFC31C3E44F000FB60F9 /* Model */ = {
			isa = PBXGroup;
			children = (
				EAE0A5CB1C50810700ECF86E /* ChildrenInfo.swift */,
				EA40E3E51C3138A800072EC8 /* Httpresult.swift */,
				EA35CFCA1C3E5C8E00FB60F9 /* Readme */,
			);
			name = Model;
			sourceTree = "<group>";
		};
		EA35CFC41C3E44FF00FB60F9 /* View */ = {
			isa = PBXGroup;
			children = (
				EA35CFC81C3E5C6E00FB60F9 /* Readme */,
			);
			name = View;
			sourceTree = "<group>";
		};
		EA35CFC51C3E450C00FB60F9 /* Controller */ = {
			isa = PBXGroup;
			children = (
				EA210EEC1C3CA28F00BA9971 /* LoginViewController.swift */,
			);
			name = Controller;
			sourceTree = "<group>";
		};
		EA40E3881C30D33200072EC8 = {
			isa = PBXGroup;
			children = (
				EA40E3BD1C31197400072EC8 /* Podfile */,
				EA40E3FA1C313A1F00072EC8 /* Baby Space */,
				EA40E3F61C313A1700072EC8 /* Growing Diary */,
				EA40E3F21C313A0700072EC8 /* Blog */,
				EA40E3EE1C3139FE00072EC8 /* School */,
				EA40E3EA1C3139E800072EC8 /* Mine */,
				EA40E3FE1C313A2800072EC8 /* Third Package */,
				EA40E3E21C3138A800072EC8 /* Tool */,
				EA40E3931C30D33200072EC8 /* WXT_Parents */,
				EA40E3921C30D33200072EC8 /* Products */,
				E5A0CAA6007BB6929C39155D /* Pods */,
				733DC6B624A1E4A6F7447FCA /* Frameworks */,
			);
			sourceTree = "<group>";
		};
		EA40E3921C30D33200072EC8 /* Products */ = {
			isa = PBXGroup;
			children = (
				EA40E3911C30D33200072EC8 /* WXT_Parents.app */,
			);
			name = Products;
			sourceTree = "<group>";
		};
		EA40E3931C30D33200072EC8 /* WXT_Parents */ = {
			isa = PBXGroup;
			children = (
				EA93A7CA1C5C638A009D4A1F /* ScollView */,
				EA010E5C1C4A259000BBED0B /* ForgetPassword */,
				EAE72E921C40995F0038D055 /* MainTabBarController */,
				EA210EEB1C3CA25500BA9971 /* Login */,
				EA143C791C44FACD00FC1F6C /* Register */,
				EA40E3941C30D33200072EC8 /* AppDelegate.swift */,
				EA40E3961C30D33200072EC8 /* ViewController.swift */,
				EA40E3981C30D33200072EC8 /* Main.storyboard */,
				EA40E39B1C30D33200072EC8 /* Assets.xcassets */,
				EA40E39D1C30D33200072EC8 /* LaunchScreen.storyboard */,
				EA40E3A01C30D33200072EC8 /* Info.plist */,
				EA210EEE1C3CEE8300BA9971 /* WXT_Parents-Bridging-Header.h */,
			);
			path = WXT_Parents;
			sourceTree = "<group>";
		};
		EA40E3E21C3138A800072EC8 /* Tool */ = {
			isa = PBXGroup;
			children = (
				EA40E3E31C3138A800072EC8 /* Jsonjoy */,
				EA1E16991C3F5ECD00C97FCF /* Url.swift */,
				EAEB9E771C51FEC200EACE1B /* CornerRadiusViewController.swift */,
			);
			path = Tool;
			sourceTree = "<group>";
		};
		EA40E3E31C3138A800072EC8 /* Jsonjoy */ = {
			isa = PBXGroup;
			children = (
				EA40E3E61C3138A800072EC8 /* JSONJoy.swift */,
			);
			path = Jsonjoy;
			sourceTree = "<group>";
		};
		EA40E3EA1C3139E800072EC8 /* Mine */ = {
			isa = PBXGroup;
			children = (
				EA40E3EB1C3139E800072EC8 /* Controller */,
				EA40E3EC1C3139E800072EC8 /* Model */,
				EA40E3ED1C3139E800072EC8 /* View */,
			);
			path = Mine;
			sourceTree = "<group>";
		};
		EA40E3EB1C3139E800072EC8 /* Controller */ = {
			isa = PBXGroup;
			children = (
				EA59A3DE1C313C81003FBE82 /* Readme */,
				EA5A8D7D1C72B376004D8308 /* ServerTableViewController.swift */,
				EACA2A471C4FA0EC00A3ECD3 /* MineMainTableViewController.swift */,
				EA93A7C81C5C5BCC009D4A1F /* QrCodeViewController.swift */,
				EA3ADD671C5D980F002FCA2D /* SaoYiSaoViewController.swift */,
				EA3ADD6B1C5DA2B3002FCA2D /* MyBabyTableViewController.swift */,
				EA5A8D7F1C72B7B9004D8308 /* HelpTableViewController.swift */,
				EA5A8D811C72BEE3004D8308 /* MineInfoTableViewController.swift */,
			);
			path = Controller;
			sourceTree = "<group>";
		};
		EA40E3EC1C3139E800072EC8 /* Model */ = {
			isa = PBXGroup;
			children = (
				EA59A3E01C313C85003FBE82 /* Readme */,
				EACA2A491C4FB9CE00A3ECD3 /* MineModel.swift */,
				EAE0A5CD1C5094F500ECF86E /* ServiceModel.swift */,
			);
			path = Model;
			sourceTree = "<group>";
		};
		EA40E3ED1C3139E800072EC8 /* View */ = {
			isa = PBXGroup;
			children = (
				EA59A3E21C313C89003FBE82 /* Readme */,
				EA3ADD6D1C5DA4A3002FCA2D /* BabyTableViewCell.swift */,
			);
			path = View;
			sourceTree = "<group>";
		};
		EA40E3EE1C3139FE00072EC8 /* School */ = {
			isa = PBXGroup;
			children = (
				EA40E3EF1C3139FE00072EC8 /* Controller */,
				EA40E3F01C3139FE00072EC8 /* Model */,
				EA40E3F11C3139FE00072EC8 /* View */,
			);
			path = School;
			sourceTree = "<group>";
		};
		EA40E3EF1C3139FE00072EC8 /* Controller */ = {
			isa = PBXGroup;
			children = (
				EA78A1E61C5A329D00159F22 /* SchoolMainTableViewController.swift */,
				EA59A3D81C313C70003FBE82 /* Readme */,
				EA3ADD711C5DAA68002FCA2D /* TeacherTableViewController.swift */,
				EA3ADD731C5DABEC002FCA2D /* SchoolInfoViewController.swift */,
				EA3ADD771C5DAD69002FCA2D /* WeekFoodTableViewController.swift */,
				EA3ADD7B1C5DB2BB002FCA2D /* ZhaoPinTableViewController.swift */,
				EA3ADD7F1C5DB3E1002FCA2D /* XingQuBanTableViewController.swift */,
			);
			path = Controller;
			sourceTree = "<group>";
		};
		EA40E3F01C3139FE00072EC8 /* Model */ = {
			isa = PBXGroup;
			children = (
				EA59A3DA1C313C76003FBE82 /* Readme */,
			);
			path = Model;
			sourceTree = "<group>";
		};
		EA40E3F11C3139FE00072EC8 /* View */ = {
			isa = PBXGroup;
			children = (
				EA59A3DC1C313C7B003FBE82 /* Readme */,
				EA3ADD6F1C5DAA52002FCA2D /* TeacherTableViewCell.swift */,
				EA3ADD791C5DAE76002FCA2D /* FoodTableViewCell.swift */,
				EA3ADD7D1C5DB2D4002FCA2D /* ZhaoPinTableViewCell.swift */,
				EA3ADD811C5DB3FD002FCA2D /* XingquCellTableViewCell.swift */,
			);
			path = View;
			sourceTree = "<group>";
		};
		EA40E3F21C313A0700072EC8 /* Blog */ = {
			isa = PBXGroup;
			children = (
				EA40E3F31C313A0700072EC8 /* Controller */,
				EA40E3F41C313A0700072EC8 /* Model */,
				EA40E3F51C313A0700072EC8 /* View */,
			);
			path = Blog;
			sourceTree = "<group>";
		};
		EA40E3F31C313A0700072EC8 /* Controller */ = {
			isa = PBXGroup;
			children = (
				EA59A3D21C313C5F003FBE82 /* Readme */,
				EAEB9E811C5208F200EACE1B /* BlogMainTableTableViewController.swift */,
				EA78A1E41C59FC5500159F22 /* BlogCommentTableViewController.swift */,
				EA0FFCB71C62FDE100945627 /* ImageViewController.swift */,
			);
			path = Controller;
			sourceTree = "<group>";
		};
		EA40E3F41C313A0700072EC8 /* Model */ = {
			isa = PBXGroup;
			children = (
				EA59A3D41C313C64003FBE82 /* Readme */,
				EAF181A81C53772A007706CE /* BlogList.swift */,
				EA9233B81C5469C100B12FF6 /* PictureList.swift */,
				EAC8177E1C57801B006B6B8F /* DianZanList.swift */,
			);
			path = Model;
			sourceTree = "<group>";
		};
		EA40E3F51C313A0700072EC8 /* View */ = {
			isa = PBXGroup;
			children = (
				EA59A3D61C313C69003FBE82 /* Readme */,
				EAEB9E831C5223F700EACE1B /* BlogCellTableViewCell.swift */,
			);
			path = View;
			sourceTree = "<group>";
		};
		EA40E3F61C313A1700072EC8 /* Growing Diary */ = {
			isa = PBXGroup;
			children = (
				EA40E3F71C313A1700072EC8 /* Controller */,
				EA40E3F81C313A1700072EC8 /* Model */,
				EA40E3F91C313A1700072EC8 /* View */,
			);
			path = "Growing Diary";
			sourceTree = "<group>";
		};
		EA40E3F71C313A1700072EC8 /* Controller */ = {
			isa = PBXGroup;
			children = (
				EA59A3CC1C313C43003FBE82 /* Readme */,
				EA065B281C5B09BF0062E84D /* GrowingDiaryMainViewController.swift */,
				EA4B63D81C5B1DE10042711F /* MyTableViewController.swift */,
				EA4B63DA1C5B1DEF0042711F /* FriendsTableViewController.swift */,
			);
			path = Controller;
			sourceTree = "<group>";
		};
		EA40E3F81C313A1700072EC8 /* Model */ = {
			isa = PBXGroup;
			children = (
				EA59A3CE1C313C48003FBE82 /* Readme */,
				EA4B63E01C5B60980042711F /* DiaryList.swift */,
			);
			path = Model;
			sourceTree = "<group>";
		};
		EA40E3F91C313A1700072EC8 /* View */ = {
			isa = PBXGroup;
			children = (
				EA4B63DC1C5B22FE0042711F /* DiaryTableViewCell.swift */,
				EA59A3D01C313C4D003FBE82 /* Readme */,
			);
			path = View;
			sourceTree = "<group>";
		};
		EA40E3FA1C313A1F00072EC8 /* Baby Space */ = {
			isa = PBXGroup;
			children = (
				EA40E3FB1C313A1F00072EC8 /* Controller */,
				EA40E3FC1C313A1F00072EC8 /* Model */,
				EA40E3FD1C313A1F00072EC8 /* View */,
			);
			path = "Baby Space";
			sourceTree = "<group>";
		};
		EA40E3FB1C313A1F00072EC8 /* Controller */ = {
			isa = PBXGroup;
			children = (
				EA902F0F1C326D6800CC5F6F /* readme */,
				EA7608151C4CD8BA00169C50 /* BabySpaceMainTableViewController.swift */,
				EAAEB4C61C71DB170009710B /* WeightViewController.swift */,
			);
			path = Controller;
			sourceTree = "<group>";
		};
		EA40E3FC1C313A1F00072EC8 /* Model */ = {
			isa = PBXGroup;
			children = (
				EA59A3C61C313C2B003FBE82 /* Readme */,
				EA14D9061C71736B00899963 /* BabyTodayInfoModel.swift */,
				EA14D9081C717BFF00899963 /* GetChange_sta_weiModel.swift */,
			);
			path = Model;
			sourceTree = "<group>";
		};
		EA40E3FD1C313A1F00072EC8 /* View */ = {
			isa = PBXGroup;
			children = (
				EA59A3C81C313C32003FBE82 /* Readme */,
			);
			path = View;
			sourceTree = "<group>";
		};
		EA40E3FE1C313A2800072EC8 /* Third Package */ = {
			isa = PBXGroup;
			children = (
				EA5A8D851C732235004D8308 /* Env.swift */,
				EA5A8D831C7321EE004D8308 /* ExamplesDefaults.swift */,
				EA0FFCB41C62EF5400945627 /* XKeyBoard.h */,
				EA0FFCB51C62EF5400945627 /* XKeyBoard.m */,
				EA59A3E41C313C90003FBE82 /* Readme */,
			);
			path = "Third Package";
			sourceTree = "<group>";
		};
		EA4A70631C487DA200DAD9A1 /* Controller */ = {
			isa = PBXGroup;
			children = (
				EA143C7A1C44FAF800FC1F6C /* RegisterViewController.swift */,
				EA4A70661C487DF100DAD9A1 /* RegisterGetCodeViewController.swift */,
				EA4A70681C487E1D00DAD9A1 /* RegisterSetPasswordViewController.swift */,
			);
			name = Controller;
			sourceTree = "<group>";
		};
		EA4A70641C487DB100DAD9A1 /* View */ = {
			isa = PBXGroup;
			children = (
				EA010E6B1C4A295D00BBED0B /* Readme */,
			);
			name = View;
			sourceTree = "<group>";
		};
		EA4A70651C487DB700DAD9A1 /* Model */ = {
			isa = PBXGroup;
			children = (
				EA40E3E41C3138A800072EC8 /* Http.swift */,
				EA010E691C4A295000BBED0B /* Readme */,
			);
			name = Model;
			sourceTree = "<group>";
		};
		EA93A7CA1C5C638A009D4A1F /* ScollView */ = {
			isa = PBXGroup;
			children = (
				EA93A7CB1C5C641C009D4A1F /* ScollViewController.swift */,
			);
			name = ScollView;
			sourceTree = "<group>";
		};
		EAE72E921C40995F0038D055 /* MainTabBarController */ = {
			isa = PBXGroup;
			children = (
				EAE72E931C4099BB0038D055 /* MainTabbarViewController.swift */,
			);
			name = MainTabBarController;
			path = Login;
			sourceTree = "<group>";
		};
/* End PBXGroup section */

/* Begin PBXNativeTarget section */
		EA40E3901C30D33200072EC8 /* WXT_Parents */ = {
			isa = PBXNativeTarget;
			buildConfigurationList = EA40E3A31C30D33200072EC8 /* Build configuration list for PBXNativeTarget "WXT_Parents" */;
			buildPhases = (
				DDD77C87135588D0DFED7B61 /* Check Pods Manifest.lock */,
				EA40E38D1C30D33200072EC8 /* Sources */,
				EA40E38E1C30D33200072EC8 /* Frameworks */,
				EA40E38F1C30D33200072EC8 /* Resources */,
				B6569B05324210185F617AA3 /* Embed Pods Frameworks */,
				3B968C315B501C12FF6384B9 /* Copy Pods Resources */,
			);
			buildRules = (
			);
			dependencies = (
			);
			name = WXT_Parents;
			productName = WXT_Parents;
			productReference = EA40E3911C30D33200072EC8 /* WXT_Parents.app */;
			productType = "com.apple.product-type.application";
		};
/* End PBXNativeTarget section */

/* Begin PBXProject section */
		EA40E3891C30D33200072EC8 /* Project object */ = {
			isa = PBXProject;
			attributes = {
				LastSwiftUpdateCheck = 0720;
				LastUpgradeCheck = 0720;
				ORGANIZATIONNAME = "北京校酷网络科技有限公司";
				TargetAttributes = {
					EA40E3901C30D33200072EC8 = {
						CreatedOnToolsVersion = 7.2;
						DevelopmentTeam = 89DGXSAL38;
					};
				};
			};
			buildConfigurationList = EA40E38C1C30D33200072EC8 /* Build configuration list for PBXProject "WXT_Parents" */;
			compatibilityVersion = "Xcode 3.2";
			developmentRegion = English;
			hasScannedForEncodings = 0;
			knownRegions = (
				en,
				Base,
			);
			mainGroup = EA40E3881C30D33200072EC8;
			productRefGroup = EA40E3921C30D33200072EC8 /* Products */;
			projectDirPath = "";
			projectRoot = "";
			targets = (
				EA40E3901C30D33200072EC8 /* WXT_Parents */,
			);
		};
/* End PBXProject section */

/* Begin PBXResourcesBuildPhase section */
		EA40E38F1C30D33200072EC8 /* Resources */ = {
			isa = PBXResourcesBuildPhase;
			buildActionMask = 2147483647;
			files = (
				EA010E6C1C4A295D00BBED0B /* Readme in Resources */,
				EA010E6A1C4A295000BBED0B /* Readme in Resources */,
				EA902F101C326D6800CC5F6F /* readme in Resources */,
				EA59A3E31C313C89003FBE82 /* Readme in Resources */,
				EA59A3D51C313C64003FBE82 /* Readme in Resources */,
				EA010E661C4A28F400BBED0B /* Readme in Resources */,
				EA010E681C4A291900BBED0B /* Readme in Resources */,
				EA59A3CF1C313C48003FBE82 /* Readme in Resources */,
				EA59A3D11C313C4D003FBE82 /* Readme in Resources */,
				EA59A3DB1C313C76003FBE82 /* Readme in Resources */,
				EA40E39F1C30D33200072EC8 /* LaunchScreen.storyboard in Resources */,
				EA59A3D31C313C5F003FBE82 /* Readme in Resources */,
				EA59A3DD1C313C7B003FBE82 /* Readme in Resources */,
				EA40E39C1C30D33200072EC8 /* Assets.xcassets in Resources */,
				EA35CFC91C3E5C6E00FB60F9 /* Readme in Resources */,
				EA59A3E51C313C90003FBE82 /* Readme in Resources */,
				EA35CFCB1C3E5C8E00FB60F9 /* Readme in Resources */,
				EA59A3C91C313C32003FBE82 /* Readme in Resources */,
				EA40E3BE1C31197400072EC8 /* Podfile in Resources */,
				EA59A3D91C313C70003FBE82 /* Readme in Resources */,
				EA59A3D71C313C69003FBE82 /* Readme in Resources */,
				EA59A3C71C313C2B003FBE82 /* Readme in Resources */,
				EA59A3CD1C313C43003FBE82 /* Readme in Resources */,
				EA59A3E11C313C85003FBE82 /* Readme in Resources */,
				EA59A3DF1C313C81003FBE82 /* Readme in Resources */,
				EA40E39A1C30D33200072EC8 /* Main.storyboard in Resources */,
			);
			runOnlyForDeploymentPostprocessing = 0;
		};
/* End PBXResourcesBuildPhase section */

/* Begin PBXShellScriptBuildPhase section */
		3B968C315B501C12FF6384B9 /* Copy Pods Resources */ = {
			isa = PBXShellScriptBuildPhase;
			buildActionMask = 2147483647;
			files = (
			);
			inputPaths = (
			);
			name = "Copy Pods Resources";
			outputPaths = (
			);
			runOnlyForDeploymentPostprocessing = 0;
			shellPath = /bin/sh;
			shellScript = "\"${SRCROOT}/Pods/Target Support Files/Pods/Pods-resources.sh\"\n";
			showEnvVarsInLog = 0;
		};
		B6569B05324210185F617AA3 /* Embed Pods Frameworks */ = {
			isa = PBXShellScriptBuildPhase;
			buildActionMask = 2147483647;
			files = (
			);
			inputPaths = (
			);
			name = "Embed Pods Frameworks";
			outputPaths = (
			);
			runOnlyForDeploymentPostprocessing = 0;
			shellPath = /bin/sh;
			shellScript = "\"${SRCROOT}/Pods/Target Support Files/Pods/Pods-frameworks.sh\"\n";
			showEnvVarsInLog = 0;
		};
		DDD77C87135588D0DFED7B61 /* Check Pods Manifest.lock */ = {
			isa = PBXShellScriptBuildPhase;
			buildActionMask = 2147483647;
			files = (
			);
			inputPaths = (
			);
			name = "Check Pods Manifest.lock";
			outputPaths = (
			);
			runOnlyForDeploymentPostprocessing = 0;
			shellPath = /bin/sh;
			shellScript = "diff \"${PODS_ROOT}/../Podfile.lock\" \"${PODS_ROOT}/Manifest.lock\" > /dev/null\nif [[ $? != 0 ]] ; then\n    cat << EOM\nerror: The sandbox is not in sync with the Podfile.lock. Run 'pod install' or update your CocoaPods installation.\nEOM\n    exit 1\nfi\n";
			showEnvVarsInLog = 0;
		};
/* End PBXShellScriptBuildPhase section */

/* Begin PBXSourcesBuildPhase section */
		EA40E38D1C30D33200072EC8 /* Sources */ = {
			isa = PBXSourcesBuildPhase;
			buildActionMask = 2147483647;
			files = (
				EA5A8D801C72B7B9004D8308 /* HelpTableViewController.swift in Sources */,
				EAEB9E781C51FEC200EACE1B /* CornerRadiusViewController.swift in Sources */,
				EAEB9E821C5208F200EACE1B /* BlogMainTableTableViewController.swift in Sources */,
				EA4B63DB1C5B1DEF0042711F /* FriendsTableViewController.swift in Sources */,
				EA5A8D7E1C72B376004D8308 /* ServerTableViewController.swift in Sources */,
				EA143C7B1C44FAF800FC1F6C /* RegisterViewController.swift in Sources */,
				EAE0A5CE1C5094F500ECF86E /* ServiceModel.swift in Sources */,
				EA3ADD821C5DB3FD002FCA2D /* XingquCellTableViewCell.swift in Sources */,
				EA4A70671C487DF100DAD9A1 /* RegisterGetCodeViewController.swift in Sources */,
				EA4B63E11C5B60980042711F /* DiaryList.swift in Sources */,
				EA5A8D861C732235004D8308 /* Env.swift in Sources */,
				EA14D9091C717BFF00899963 /* GetChange_sta_weiModel.swift in Sources */,
				EA3ADD6E1C5DA4A3002FCA2D /* BabyTableViewCell.swift in Sources */,
				EA4B63D91C5B1DE10042711F /* MyTableViewController.swift in Sources */,
				EA5A8D821C72BEE3004D8308 /* MineInfoTableViewController.swift in Sources */,
				EA3ADD6C1C5DA2B3002FCA2D /* MyBabyTableViewController.swift in Sources */,
				EA0FFCB61C62EF5400945627 /* XKeyBoard.m in Sources */,
				EA0FFCB81C62FDE100945627 /* ImageViewController.swift in Sources */,
				EAAEB4C71C71DB170009710B /* WeightViewController.swift in Sources */,
				EAE0A5CC1C50810700ECF86E /* ChildrenInfo.swift in Sources */,
				EA210EED1C3CA28F00BA9971 /* LoginViewController.swift in Sources */,
				EAE72E941C4099BB0038D055 /* MainTabbarViewController.swift in Sources */,
				EA3ADD801C5DB3E1002FCA2D /* XingQuBanTableViewController.swift in Sources */,
				EACA2A4A1C4FB9CE00A3ECD3 /* MineModel.swift in Sources */,
				EA3ADD7C1C5DB2BB002FCA2D /* ZhaoPinTableViewController.swift in Sources */,
				EA3ADD681C5D980F002FCA2D /* SaoYiSaoViewController.swift in Sources */,
				EA4B63DD1C5B22FE0042711F /* DiaryTableViewCell.swift in Sources */,
				EAF181A91C53772A007706CE /* BlogList.swift in Sources */,
				EA9233B91C5469C100B12FF6 /* PictureList.swift in Sources */,
				EA3ADD701C5DAA52002FCA2D /* TeacherTableViewCell.swift in Sources */,
				EA40E3971C30D33200072EC8 /* ViewController.swift in Sources */,
				EA5A8D841C7321EE004D8308 /* ExamplesDefaults.swift in Sources */,
				EA14D9071C71736B00899963 /* BabyTodayInfoModel.swift in Sources */,
				EA7608161C4CD8BA00169C50 /* BabySpaceMainTableViewController.swift in Sources */,
				EA93A7CC1C5C641C009D4A1F /* ScollViewController.swift in Sources */,
				EAC8177F1C57801B006B6B8F /* DianZanList.swift in Sources */,
				EA93A7C91C5C5BCC009D4A1F /* QrCodeViewController.swift in Sources */,
				EA1E169A1C3F5ECD00C97FCF /* Url.swift in Sources */,
				EA4A70691C487E1D00DAD9A1 /* RegisterSetPasswordViewController.swift in Sources */,
				EA3ADD741C5DABEC002FCA2D /* SchoolInfoViewController.swift in Sources */,
				EA3ADD7A1C5DAE76002FCA2D /* FoodTableViewCell.swift in Sources */,
				EA40E3951C30D33200072EC8 /* AppDelegate.swift in Sources */,
				EA3ADD7E1C5DB2D4002FCA2D /* ZhaoPinTableViewCell.swift in Sources */,
				EA40E3E91C3138A800072EC8 /* JSONJoy.swift in Sources */,
				EA40E3E81C3138A800072EC8 /* Httpresult.swift in Sources */,
				EA010E641C4A261E00BBED0B /* ForgetPasswordSetViewController.swift in Sources */,
				EA065B291C5B09BF0062E84D /* GrowingDiaryMainViewController.swift in Sources */,
				EA78A1E71C5A329D00159F22 /* SchoolMainTableViewController.swift in Sources */,
				EA78A1E51C59FC5500159F22 /* BlogCommentTableViewController.swift in Sources */,
				EACA2A481C4FA0EC00A3ECD3 /* MineMainTableViewController.swift in Sources */,
				EA010E611C4A25E400BBED0B /* ForgetPasswordViewController.swift in Sources */,
				EA40E3E71C3138A800072EC8 /* Http.swift in Sources */,
				EA3ADD781C5DAD69002FCA2D /* WeekFoodTableViewController.swift in Sources */,
				EA3ADD721C5DAA68002FCA2D /* TeacherTableViewController.swift in Sources */,
				EAEB9E841C5223F700EACE1B /* BlogCellTableViewCell.swift in Sources */,
			);
			runOnlyForDeploymentPostprocessing = 0;
		};
/* End PBXSourcesBuildPhase section */

/* Begin PBXVariantGroup section */
		EA40E3981C30D33200072EC8 /* Main.storyboard */ = {
			isa = PBXVariantGroup;
			children = (
				EA40E3991C30D33200072EC8 /* Base */,
			);
			name = Main.storyboard;
			sourceTree = "<group>";
		};
		EA40E39D1C30D33200072EC8 /* LaunchScreen.storyboard */ = {
			isa = PBXVariantGroup;
			children = (
				EA40E39E1C30D33200072EC8 /* Base */,
			);
			name = LaunchScreen.storyboard;
			sourceTree = "<group>";
		};
/* End PBXVariantGroup section */

/* Begin XCBuildConfiguration section */
		EA40E3A11C30D33200072EC8 /* Debug */ = {
			isa = XCBuildConfiguration;
			buildSettings = {
				ALWAYS_SEARCH_USER_PATHS = NO;
				CLANG_CXX_LANGUAGE_STANDARD = "gnu++0x";
				CLANG_CXX_LIBRARY = "libc++";
				CLANG_ENABLE_MODULES = YES;
				CLANG_ENABLE_OBJC_ARC = YES;
				CLANG_WARN_BOOL_CONVERSION = YES;
				CLANG_WARN_CONSTANT_CONVERSION = YES;
				CLANG_WARN_DIRECT_OBJC_ISA_USAGE = YES_ERROR;
				CLANG_WARN_EMPTY_BODY = YES;
				CLANG_WARN_ENUM_CONVERSION = YES;
				CLANG_WARN_INT_CONVERSION = YES;
				CLANG_WARN_OBJC_ROOT_CLASS = YES_ERROR;
				CLANG_WARN_UNREACHABLE_CODE = YES;
				CLANG_WARN__DUPLICATE_METHOD_MATCH = YES;
				"CODE_SIGN_IDENTITY[sdk=iphoneos*]" = "iPhone Developer";
				COPY_PHASE_STRIP = NO;
				DEBUG_INFORMATION_FORMAT = dwarf;
				ENABLE_STRICT_OBJC_MSGSEND = YES;
				ENABLE_TESTABILITY = YES;
				GCC_C_LANGUAGE_STANDARD = gnu99;
				GCC_DYNAMIC_NO_PIC = NO;
				GCC_NO_COMMON_BLOCKS = YES;
				GCC_OPTIMIZATION_LEVEL = 0;
				GCC_PREPROCESSOR_DEFINITIONS = (
					"DEBUG=1",
					"$(inherited)",
				);
				GCC_WARN_64_TO_32_BIT_CONVERSION = YES;
				GCC_WARN_ABOUT_RETURN_TYPE = YES_ERROR;
				GCC_WARN_UNDECLARED_SELECTOR = YES;
				GCC_WARN_UNINITIALIZED_AUTOS = YES_AGGRESSIVE;
				GCC_WARN_UNUSED_FUNCTION = YES;
				GCC_WARN_UNUSED_VARIABLE = YES;
				IPHONEOS_DEPLOYMENT_TARGET = 9.2;
				MTL_ENABLE_DEBUG_INFO = YES;
				ONLY_ACTIVE_ARCH = YES;
				SDKROOT = iphoneos;
				SWIFT_OPTIMIZATION_LEVEL = "-Onone";
				USER_HEADER_SEARCH_PATHS = "${SRCROOT} /**";
			};
			name = Debug;
		};
		EA40E3A21C30D33200072EC8 /* Release */ = {
			isa = XCBuildConfiguration;
			buildSettings = {
				ALWAYS_SEARCH_USER_PATHS = NO;
				CLANG_CXX_LANGUAGE_STANDARD = "gnu++0x";
				CLANG_CXX_LIBRARY = "libc++";
				CLANG_ENABLE_MODULES = YES;
				CLANG_ENABLE_OBJC_ARC = YES;
				CLANG_WARN_BOOL_CONVERSION = YES;
				CLANG_WARN_CONSTANT_CONVERSION = YES;
				CLANG_WARN_DIRECT_OBJC_ISA_USAGE = YES_ERROR;
				CLANG_WARN_EMPTY_BODY = YES;
				CLANG_WARN_ENUM_CONVERSION = YES;
				CLANG_WARN_INT_CONVERSION = YES;
				CLANG_WARN_OBJC_ROOT_CLASS = YES_ERROR;
				CLANG_WARN_UNREACHABLE_CODE = YES;
				CLANG_WARN__DUPLICATE_METHOD_MATCH = YES;
				"CODE_SIGN_IDENTITY[sdk=iphoneos*]" = "iPhone Developer";
				COPY_PHASE_STRIP = NO;
				DEBUG_INFORMATION_FORMAT = "dwarf-with-dsym";
				ENABLE_NS_ASSERTIONS = NO;
				ENABLE_STRICT_OBJC_MSGSEND = YES;
				GCC_C_LANGUAGE_STANDARD = gnu99;
				GCC_NO_COMMON_BLOCKS = YES;
				GCC_WARN_64_TO_32_BIT_CONVERSION = YES;
				GCC_WARN_ABOUT_RETURN_TYPE = YES_ERROR;
				GCC_WARN_UNDECLARED_SELECTOR = YES;
				GCC_WARN_UNINITIALIZED_AUTOS = YES_AGGRESSIVE;
				GCC_WARN_UNUSED_FUNCTION = YES;
				GCC_WARN_UNUSED_VARIABLE = YES;
				IPHONEOS_DEPLOYMENT_TARGET = 9.2;
				MTL_ENABLE_DEBUG_INFO = NO;
				SDKROOT = iphoneos;
				USER_HEADER_SEARCH_PATHS = "${SRCROOT} /**";
				VALIDATE_PRODUCT = YES;
			};
			name = Release;
		};
		EA40E3A41C30D33200072EC8 /* Debug */ = {
			isa = XCBuildConfiguration;
			baseConfigurationReference = DD0CEFBF6B55340AB8318E55 /* Pods.debug.xcconfig */;
			buildSettings = {
				ASSETCATALOG_COMPILER_APPICON_NAME = AppIcon;
				CLANG_ENABLE_MODULES = YES;
				CODE_SIGN_IDENTITY = "iPhone Developer";
				INFOPLIST_FILE = WXT_Parents/Info.plist;
				IPHONEOS_DEPLOYMENT_TARGET = 8.0;
				LD_RUNPATH_SEARCH_PATHS = "$(inherited) @executable_path/Frameworks";
				PRODUCT_BUNDLE_IDENTIFIER = "xiaocool.cn.WXT-Parents";
				PRODUCT_NAME = "$(TARGET_NAME)";
				SWIFT_OBJC_BRIDGING_HEADER = "WXT_Parents/WXT_Parents-Bridging-Header.h";
				SWIFT_OPTIMIZATION_LEVEL = "-Onone";
				USER_HEADER_SEARCH_PATHS = "${SRCROOT}/** /**";
			};
			name = Debug;
		};
		EA40E3A51C30D33200072EC8 /* Release */ = {
			isa = XCBuildConfiguration;
			baseConfigurationReference = 7FAF58DF0009EB15F3995775 /* Pods.release.xcconfig */;
			buildSettings = {
				ASSETCATALOG_COMPILER_APPICON_NAME = AppIcon;
				CLANG_ENABLE_MODULES = YES;
				CODE_SIGN_IDENTITY = "iPhone Developer";
				INFOPLIST_FILE = WXT_Parents/Info.plist;
				IPHONEOS_DEPLOYMENT_TARGET = 8.0;
				LD_RUNPATH_SEARCH_PATHS = "$(inherited) @executable_path/Frameworks";
				PRODUCT_BUNDLE_IDENTIFIER = "xiaocool.cn.WXT-Parents";
				PRODUCT_NAME = "$(TARGET_NAME)";
				SWIFT_OBJC_BRIDGING_HEADER = "WXT_Parents/WXT_Parents-Bridging-Header.h";
				USER_HEADER_SEARCH_PATHS = "${SRCROOT}/** /**";
			};
			name = Release;
		};
/* End XCBuildConfiguration section */

/* Begin XCConfigurationList section */
		EA40E38C1C30D33200072EC8 /* Build configuration list for PBXProject "WXT_Parents" */ = {
			isa = XCConfigurationList;
			buildConfigurations = (
				EA40E3A11C30D33200072EC8 /* Debug */,
				EA40E3A21C30D33200072EC8 /* Release */,
			);
			defaultConfigurationIsVisible = 0;
			defaultConfigurationName = Release;
		};
		EA40E3A31C30D33200072EC8 /* Build configuration list for PBXNativeTarget "WXT_Parents" */ = {
			isa = XCConfigurationList;
			buildConfigurations = (
				EA40E3A41C30D33200072EC8 /* Debug */,
				EA40E3A51C30D33200072EC8 /* Release */,
			);
			defaultConfigurationIsVisible = 0;
			defaultConfigurationName = Release;
		};
/* End XCConfigurationList section */
	};
	rootObject = EA40E3891C30D33200072EC8 /* Project object */;
}
