// !$*UTF8*$!
{
	archiveVersion = 1;
	classes = {
	};
	objectVersion = 46;
	objects = {

/* Begin PBXBuildFile section */
		2FE62032EFC47F4FAA20D439 /* Pods.framework in Frameworks */ = {isa = PBXBuildFile; fileRef = E7AFF348788309629B3DA583 /* Pods.framework */; };
		EA40E3951C30D33200072EC8 /* AppDelegate.swift in Sources */ = {isa = PBXBuildFile; fileRef = EA40E3941C30D33200072EC8 /* AppDelegate.swift */; };
		EA40E3971C30D33200072EC8 /* ViewController.swift in Sources */ = {isa = PBXBuildFile; fileRef = EA40E3961C30D33200072EC8 /* ViewController.swift */; };
		EA40E39A1C30D33200072EC8 /* Main.storyboard in Resources */ = {isa = PBXBuildFile; fileRef = EA40E3981C30D33200072EC8 /* Main.storyboard */; };
		EA40E39C1C30D33200072EC8 /* Assets.xcassets in Resources */ = {isa = PBXBuildFile; fileRef = EA40E39B1C30D33200072EC8 /* Assets.xcassets */; };
		EA40E39F1C30D33200072EC8 /* LaunchScreen.storyboard in Resources */ = {isa = PBXBuildFile; fileRef = EA40E39D1C30D33200072EC8 /* LaunchScreen.storyboard */; };
		EA40E3BE1C31197400072EC8 /* Podfile in Resources */ = {isa = PBXBuildFile; fileRef = EA40E3BD1C31197400072EC8 /* Podfile */; };
/* End PBXBuildFile section */

/* Begin PBXFileReference section */
		7FAF58DF0009EB15F3995775 /* Pods.release.xcconfig */ = {isa = PBXFileReference; includeInIndex = 1; lastKnownFileType = text.xcconfig; name = Pods.release.xcconfig; path = "Pods/Target Support Files/Pods/Pods.release.xcconfig"; sourceTree = "<group>"; };
		DD0CEFBF6B55340AB8318E55 /* Pods.debug.xcconfig */ = {isa = PBXFileReference; includeInIndex = 1; lastKnownFileType = text.xcconfig; name = Pods.debug.xcconfig; path = "Pods/Target Support Files/Pods/Pods.debug.xcconfig"; sourceTree = "<group>"; };
		E7AFF348788309629B3DA583 /* Pods.framework */ = {isa = PBXFileReference; explicitFileType = wrapper.framework; includeInIndex = 0; path = Pods.framework; sourceTree = BUILT_PRODUCTS_DIR; };
		EA40E3911C30D33200072EC8 /* WXT_Parents.app */ = {isa = PBXFileReference; explicitFileType = wrapper.application; includeInIndex = 0; path = WXT_Parents.app; sourceTree = BUILT_PRODUCTS_DIR; };
		EA40E3941C30D33200072EC8 /* AppDelegate.swift */ = {isa = PBXFileReference; lastKnownFileType = sourcecode.swift; path = AppDelegate.swift; sourceTree = "<group>"; };
		EA40E3961C30D33200072EC8 /* ViewController.swift */ = {isa = PBXFileReference; lastKnownFileType = sourcecode.swift; path = ViewController.swift; sourceTree = "<group>"; };
		EA40E3991C30D33200072EC8 /* Base */ = {isa = PBXFileReference; lastKnownFileType = file.storyboard; name = Base; path = Base.lproj/Main.storyboard; sourceTree = "<group>"; };
		EA40E39B1C30D33200072EC8 /* Assets.xcassets */ = {isa = PBXFileReference; lastKnownFileType = folder.assetcatalog; path = Assets.xcassets; sourceTree = "<group>"; };
		EA40E39E1C30D33200072EC8 /* Base */ = {isa = PBXFileReference; lastKnownFileType = file.storyboard; name = Base; path = Base.lproj/LaunchScreen.storyboard; sourceTree = "<group>"; };
		EA40E3A01C30D33200072EC8 /* Info.plist */ = {isa = PBXFileReference; lastKnownFileType = text.plist.xml; path = Info.plist; sourceTree = "<group>"; };
		EA40E3BD1C31197400072EC8 /* Podfile */ = {isa = PBXFileReference; fileEncoding = 4; lastKnownFileType = text; path = Podfile; sourceTree = "<group>"; xcLanguageSpecificationIdentifier = xcode.lang.ruby; };
/* End PBXFileReference section */

/* Begin PBXFrameworksBuildPhase section */
		EA40E38E1C30D33200072EC8 /* Frameworks */ = {
			isa = PBXFrameworksBuildPhase;
			buildActionMask = 2147483647;
			files = (
				2FE62032EFC47F4FAA20D439 /* Pods.framework in Frameworks */,
			);
			runOnlyForDeploymentPostprocessing = 0;
		};
/* End PBXFrameworksBuildPhase section */

/* Begin PBXGroup section */
		733DC6B624A1E4A6F7447FCA /* Frameworks */ = {
			isa = PBXGroup;
			children = (
				E7AFF348788309629B3DA583 /* Pods.framework */,
			);
			name = Frameworks;
			sourceTree = "<group>";
		};
		E5A0CAA6007BB6929C39155D /* Pods */ = {
			isa = PBXGroup;
			children = (
				DD0CEFBF6B55340AB8318E55 /* Pods.debug.xcconfig */,
				7FAF58DF0009EB15F3995775 /* Pods.release.xcconfig */,
			);
			name = Pods;
			sourceTree = "<group>";
		};
		EA40E3881C30D33200072EC8 = {
			isa = PBXGroup;
			children = (
				EA40E3BD1C31197400072EC8 /* Podfile */,
				EA40E3AC1C30D3BB00072EC8 /* Baby Space */,
				EA40E3AB1C30D3A600072EC8 /* Growing Diary */,
				EA40E3AA1C30D39D00072EC8 /* Blog */,
				EA40E3A91C30D39500072EC8 /* School */,
				EA40E3A81C30D38C00072EC8 /* Mine */,
				EA40E3A71C30D37400072EC8 /* Third Package */,
				EA40E3AD1C30D3C700072EC8 /* Tool */,
				EA40E3931C30D33200072EC8 /* WXT_Parents */,
				EA40E3921C30D33200072EC8 /* Products */,
				E5A0CAA6007BB6929C39155D /* Pods */,
				733DC6B624A1E4A6F7447FCA /* Frameworks */,
			);
			sourceTree = "<group>";
		};
		EA40E3921C30D33200072EC8 /* Products */ = {
			isa = PBXGroup;
			children = (
				EA40E3911C30D33200072EC8 /* WXT_Parents.app */,
			);
			name = Products;
			sourceTree = "<group>";
		};
		EA40E3931C30D33200072EC8 /* WXT_Parents */ = {
			isa = PBXGroup;
			children = (
				EA40E3941C30D33200072EC8 /* AppDelegate.swift */,
				EA40E3961C30D33200072EC8 /* ViewController.swift */,
				EA40E3981C30D33200072EC8 /* Main.storyboard */,
				EA40E39B1C30D33200072EC8 /* Assets.xcassets */,
				EA40E39D1C30D33200072EC8 /* LaunchScreen.storyboard */,
				EA40E3A01C30D33200072EC8 /* Info.plist */,
			);
			path = WXT_Parents;
			sourceTree = "<group>";
		};
		EA40E3A71C30D37400072EC8 /* Third Package */ = {
			isa = PBXGroup;
			children = (
			);
			name = "Third Package";
			sourceTree = "<group>";
		};
		EA40E3A81C30D38C00072EC8 /* Mine */ = {
			isa = PBXGroup;
			children = (
				EA40E3BC1C30D48700072EC8 /* View */,
				EA40E3BB1C30D46300072EC8 /* Model */,
				EA40E3BA1C30D45D00072EC8 /* Controller */,
			);
			name = Mine;
			sourceTree = "<group>";
		};
		EA40E3A91C30D39500072EC8 /* School */ = {
			isa = PBXGroup;
			children = (
				EA40E3B91C30D45500072EC8 /* View */,
				EA40E3B81C30D44A00072EC8 /* Model */,
				EA40E3B71C30D44200072EC8 /* Controller */,
			);
			name = School;
			sourceTree = "<group>";
		};
		EA40E3AA1C30D39D00072EC8 /* Blog */ = {
			isa = PBXGroup;
			children = (
				EA40E3B61C30D42200072EC8 /* View */,
				EA40E3B51C30D41C00072EC8 /* Model */,
				EA40E3B41C30D41600072EC8 /* Controller */,
			);
			name = Blog;
			sourceTree = "<group>";
		};
		EA40E3AB1C30D3A600072EC8 /* Growing Diary */ = {
			isa = PBXGroup;
			children = (
				EA40E3B31C30D41100072EC8 /* View */,
				EA40E3B21C30D40B00072EC8 /* Model */,
				EA40E3B11C30D40000072EC8 /* Controller */,
			);
			name = "Growing Diary";
			sourceTree = "<group>";
		};
		EA40E3AC1C30D3BB00072EC8 /* Baby Space */ = {
			isa = PBXGroup;
			children = (
				EA40E3B01C30D3F600072EC8 /* View */,
				EA40E3AF1C30D3EC00072EC8 /* Model */,
				EA40E3AE1C30D3DE00072EC8 /* Controller */,
			);
			name = "Baby Space";
			sourceTree = "<group>";
		};
		EA40E3AD1C30D3C700072EC8 /* Tool */ = {
			isa = PBXGroup;
			children = (
			);
			name = Tool;
			sourceTree = "<group>";
		};
		EA40E3AE1C30D3DE00072EC8 /* Controller */ = {
			isa = PBXGroup;
			children = (
			);
			name = Controller;
			sourceTree = "<group>";
		};
		EA40E3AF1C30D3EC00072EC8 /* Model */ = {
			isa = PBXGroup;
			children = (
			);
			name = Model;
			sourceTree = "<group>";
		};
		EA40E3B01C30D3F600072EC8 /* View */ = {
			isa = PBXGroup;
			children = (
			);
			name = View;
			sourceTree = "<group>";
		};
		EA40E3B11C30D40000072EC8 /* Controller */ = {
			isa = PBXGroup;
			children = (
			);
			name = Controller;
			sourceTree = "<group>";
		};
		EA40E3B21C30D40B00072EC8 /* Model */ = {
			isa = PBXGroup;
			children = (
			);
			name = Model;
			sourceTree = "<group>";
		};
		EA40E3B31C30D41100072EC8 /* View */ = {
			isa = PBXGroup;
			children = (
			);
			name = View;
			sourceTree = "<group>";
		};
		EA40E3B41C30D41600072EC8 /* Controller */ = {
			isa = PBXGroup;
			children = (
			);
			name = Controller;
			sourceTree = "<group>";
		};
		EA40E3B51C30D41C00072EC8 /* Model */ = {
			isa = PBXGroup;
			children = (
			);
			name = Model;
			sourceTree = "<group>";
		};
		EA40E3B61C30D42200072EC8 /* View */ = {
			isa = PBXGroup;
			children = (
			);
			name = View;
			sourceTree = "<group>";
		};
		EA40E3B71C30D44200072EC8 /* Controller */ = {
			isa = PBXGroup;
			children = (
			);
			name = Controller;
			sourceTree = "<group>";
		};
		EA40E3B81C30D44A00072EC8 /* Model */ = {
			isa = PBXGroup;
			children = (
			);
			name = Model;
			sourceTree = "<group>";
		};
		EA40E3B91C30D45500072EC8 /* View */ = {
			isa = PBXGroup;
			children = (
			);
			name = View;
			sourceTree = "<group>";
		};
		EA40E3BA1C30D45D00072EC8 /* Controller */ = {
			isa = PBXGroup;
			children = (
			);
			name = Controller;
			sourceTree = "<group>";
		};
		EA40E3BB1C30D46300072EC8 /* Model */ = {
			isa = PBXGroup;
			children = (
			);
			name = Model;
			sourceTree = "<group>";
		};
		EA40E3BC1C30D48700072EC8 /* View */ = {
			isa = PBXGroup;
			children = (
			);
			name = View;
			sourceTree = "<group>";
		};
/* End PBXGroup section */

/* Begin PBXNativeTarget section */
		EA40E3901C30D33200072EC8 /* WXT_Parents */ = {
			isa = PBXNativeTarget;
			buildConfigurationList = EA40E3A31C30D33200072EC8 /* Build configuration list for PBXNativeTarget "WXT_Parents" */;
			buildPhases = (
				DDD77C87135588D0DFED7B61 /* Check Pods Manifest.lock */,
				EA40E38D1C30D33200072EC8 /* Sources */,
				EA40E38E1C30D33200072EC8 /* Frameworks */,
				EA40E38F1C30D33200072EC8 /* Resources */,
				B6569B05324210185F617AA3 /* Embed Pods Frameworks */,
				3B968C315B501C12FF6384B9 /* Copy Pods Resources */,
			);
			buildRules = (
			);
			dependencies = (
			);
			name = WXT_Parents;
			productName = WXT_Parents;
			productReference = EA40E3911C30D33200072EC8 /* WXT_Parents.app */;
			productType = "com.apple.product-type.application";
		};
/* End PBXNativeTarget section */

/* Begin PBXProject section */
		EA40E3891C30D33200072EC8 /* Project object */ = {
			isa = PBXProject;
			attributes = {
				LastSwiftUpdateCheck = 0720;
				LastUpgradeCheck = 0720;
				ORGANIZATIONNAME = "北京校酷网络科技有限公司";
				TargetAttributes = {
					EA40E3901C30D33200072EC8 = {
						CreatedOnToolsVersion = 7.2;
					};
				};
			};
			buildConfigurationList = EA40E38C1C30D33200072EC8 /* Build configuration list for PBXProject "WXT_Parents" */;
			compatibilityVersion = "Xcode 3.2";
			developmentRegion = English;
			hasScannedForEncodings = 0;
			knownRegions = (
				en,
				Base,
			);
			mainGroup = EA40E3881C30D33200072EC8;
			productRefGroup = EA40E3921C30D33200072EC8 /* Products */;
			projectDirPath = "";
			projectRoot = "";
			targets = (
				EA40E3901C30D33200072EC8 /* WXT_Parents */,
			);
		};
/* End PBXProject section */

/* Begin PBXResourcesBuildPhase section */
		EA40E38F1C30D33200072EC8 /* Resources */ = {
			isa = PBXResourcesBuildPhase;
			buildActionMask = 2147483647;
			files = (
				EA40E39F1C30D33200072EC8 /* LaunchScreen.storyboard in Resources */,
				EA40E39C1C30D33200072EC8 /* Assets.xcassets in Resources */,
				EA40E3BE1C31197400072EC8 /* Podfile in Resources */,
				EA40E39A1C30D33200072EC8 /* Main.storyboard in Resources */,
			);
			runOnlyForDeploymentPostprocessing = 0;
		};
/* End PBXResourcesBuildPhase section */

/* Begin PBXShellScriptBuildPhase section */
		3B968C315B501C12FF6384B9 /* Copy Pods Resources */ = {
			isa = PBXShellScriptBuildPhase;
			buildActionMask = 2147483647;
			files = (
			);
			inputPaths = (
			);
			name = "Copy Pods Resources";
			outputPaths = (
			);
			runOnlyForDeploymentPostprocessing = 0;
			shellPath = /bin/sh;
			shellScript = "\"${SRCROOT}/Pods/Target Support Files/Pods/Pods-resources.sh\"\n";
			showEnvVarsInLog = 0;
		};
		B6569B05324210185F617AA3 /* Embed Pods Frameworks */ = {
			isa = PBXShellScriptBuildPhase;
			buildActionMask = 2147483647;
			files = (
			);
			inputPaths = (
			);
			name = "Embed Pods Frameworks";
			outputPaths = (
			);
			runOnlyForDeploymentPostprocessing = 0;
			shellPath = /bin/sh;
			shellScript = "\"${SRCROOT}/Pods/Target Support Files/Pods/Pods-frameworks.sh\"\n";
			showEnvVarsInLog = 0;
		};
		DDD77C87135588D0DFED7B61 /* Check Pods Manifest.lock */ = {
			isa = PBXShellScriptBuildPhase;
			buildActionMask = 2147483647;
			files = (
			);
			inputPaths = (
			);
			name = "Check Pods Manifest.lock";
			outputPaths = (
			);
			runOnlyForDeploymentPostprocessing = 0;
			shellPath = /bin/sh;
			shellScript = "diff \"${PODS_ROOT}/../Podfile.lock\" \"${PODS_ROOT}/Manifest.lock\" > /dev/null\nif [[ $? != 0 ]] ; then\n    cat << EOM\nerror: The sandbox is not in sync with the Podfile.lock. Run 'pod install' or update your CocoaPods installation.\nEOM\n    exit 1\nfi\n";
			showEnvVarsInLog = 0;
		};
/* End PBXShellScriptBuildPhase section */

/* Begin PBXSourcesBuildPhase section */
		EA40E38D1C30D33200072EC8 /* Sources */ = {
			isa = PBXSourcesBuildPhase;
			buildActionMask = 2147483647;
			files = (
				EA40E3971C30D33200072EC8 /* ViewController.swift in Sources */,
				EA40E3951C30D33200072EC8 /* AppDelegate.swift in Sources */,
			);
			runOnlyForDeploymentPostprocessing = 0;
		};
/* End PBXSourcesBuildPhase section */

/* Begin PBXVariantGroup section */
		EA40E3981C30D33200072EC8 /* Main.storyboard */ = {
			isa = PBXVariantGroup;
			children = (
				EA40E3991C30D33200072EC8 /* Base */,
			);
			name = Main.storyboard;
			sourceTree = "<group>";
		};
		EA40E39D1C30D33200072EC8 /* LaunchScreen.storyboard */ = {
			isa = PBXVariantGroup;
			children = (
				EA40E39E1C30D33200072EC8 /* Base */,
			);
			name = LaunchScreen.storyboard;
			sourceTree = "<group>";
		};
/* End PBXVariantGroup section */

/* Begin XCBuildConfiguration section */
		EA40E3A11C30D33200072EC8 /* Debug */ = {
			isa = XCBuildConfiguration;
			buildSettings = {
				ALWAYS_SEARCH_USER_PATHS = NO;
				CLANG_CXX_LANGUAGE_STANDARD = "gnu++0x";
				CLANG_CXX_LIBRARY = "libc++";
				CLANG_ENABLE_MODULES = YES;
				CLANG_ENABLE_OBJC_ARC = YES;
				CLANG_WARN_BOOL_CONVERSION = YES;
				CLANG_WARN_CONSTANT_CONVERSION = YES;
				CLANG_WARN_DIRECT_OBJC_ISA_USAGE = YES_ERROR;
				CLANG_WARN_EMPTY_BODY = YES;
				CLANG_WARN_ENUM_CONVERSION = YES;
				CLANG_WARN_INT_CONVERSION = YES;
				CLANG_WARN_OBJC_ROOT_CLASS = YES_ERROR;
				CLANG_WARN_UNREACHABLE_CODE = YES;
				CLANG_WARN__DUPLICATE_METHOD_MATCH = YES;
				"CODE_SIGN_IDENTITY[sdk=iphoneos*]" = "iPhone Developer";
				COPY_PHASE_STRIP = NO;
				DEBUG_INFORMATION_FORMAT = dwarf;
				ENABLE_STRICT_OBJC_MSGSEND = YES;
				ENABLE_TESTABILITY = YES;
				GCC_C_LANGUAGE_STANDARD = gnu99;
				GCC_DYNAMIC_NO_PIC = NO;
				GCC_NO_COMMON_BLOCKS = YES;
				GCC_OPTIMIZATION_LEVEL = 0;
				GCC_PREPROCESSOR_DEFINITIONS = (
					"DEBUG=1",
					"$(inherited)",
				);
				GCC_WARN_64_TO_32_BIT_CONVERSION = YES;
				GCC_WARN_ABOUT_RETURN_TYPE = YES_ERROR;
				GCC_WARN_UNDECLARED_SELECTOR = YES;
				GCC_WARN_UNINITIALIZED_AUTOS = YES_AGGRESSIVE;
				GCC_WARN_UNUSED_FUNCTION = YES;
				GCC_WARN_UNUSED_VARIABLE = YES;
				IPHONEOS_DEPLOYMENT_TARGET = 9.2;
				MTL_ENABLE_DEBUG_INFO = YES;
				ONLY_ACTIVE_ARCH = YES;
				SDKROOT = iphoneos;
				SWIFT_OPTIMIZATION_LEVEL = "-Onone";
			};
			name = Debug;
		};
		EA40E3A21C30D33200072EC8 /* Release */ = {
			isa = XCBuildConfiguration;
			buildSettings = {
				ALWAYS_SEARCH_USER_PATHS = NO;
				CLANG_CXX_LANGUAGE_STANDARD = "gnu++0x";
				CLANG_CXX_LIBRARY = "libc++";
				CLANG_ENABLE_MODULES = YES;
				CLANG_ENABLE_OBJC_ARC = YES;
				CLANG_WARN_BOOL_CONVERSION = YES;
				CLANG_WARN_CONSTANT_CONVERSION = YES;
				CLANG_WARN_DIRECT_OBJC_ISA_USAGE = YES_ERROR;
				CLANG_WARN_EMPTY_BODY = YES;
				CLANG_WARN_ENUM_CONVERSION = YES;
				CLANG_WARN_INT_CONVERSION = YES;
				CLANG_WARN_OBJC_ROOT_CLASS = YES_ERROR;
				CLANG_WARN_UNREACHABLE_CODE = YES;
				CLANG_WARN__DUPLICATE_METHOD_MATCH = YES;
				"CODE_SIGN_IDENTITY[sdk=iphoneos*]" = "iPhone Developer";
				COPY_PHASE_STRIP = NO;
				DEBUG_INFORMATION_FORMAT = "dwarf-with-dsym";
				ENABLE_NS_ASSERTIONS = NO;
				ENABLE_STRICT_OBJC_MSGSEND = YES;
				GCC_C_LANGUAGE_STANDARD = gnu99;
				GCC_NO_COMMON_BLOCKS = YES;
				GCC_WARN_64_TO_32_BIT_CONVERSION = YES;
				GCC_WARN_ABOUT_RETURN_TYPE = YES_ERROR;
				GCC_WARN_UNDECLARED_SELECTOR = YES;
				GCC_WARN_UNINITIALIZED_AUTOS = YES_AGGRESSIVE;
				GCC_WARN_UNUSED_FUNCTION = YES;
				GCC_WARN_UNUSED_VARIABLE = YES;
				IPHONEOS_DEPLOYMENT_TARGET = 9.2;
				MTL_ENABLE_DEBUG_INFO = NO;
				SDKROOT = iphoneos;
				VALIDATE_PRODUCT = YES;
			};
			name = Release;
		};
		EA40E3A41C30D33200072EC8 /* Debug */ = {
			isa = XCBuildConfiguration;
			baseConfigurationReference = DD0CEFBF6B55340AB8318E55 /* Pods.debug.xcconfig */;
			buildSettings = {
				ASSETCATALOG_COMPILER_APPICON_NAME = AppIcon;
				INFOPLIST_FILE = WXT_Parents/Info.plist;
				IPHONEOS_DEPLOYMENT_TARGET = 8.0;
				LD_RUNPATH_SEARCH_PATHS = "$(inherited) @executable_path/Frameworks";
				PRODUCT_BUNDLE_IDENTIFIER = "xiaocool.cn.WXT-Parents";
				PRODUCT_NAME = "$(TARGET_NAME)";
			};
			name = Debug;
		};
		EA40E3A51C30D33200072EC8 /* Release */ = {
			isa = XCBuildConfiguration;
			baseConfigurationReference = 7FAF58DF0009EB15F3995775 /* Pods.release.xcconfig */;
			buildSettings = {
				ASSETCATALOG_COMPILER_APPICON_NAME = AppIcon;
				INFOPLIST_FILE = WXT_Parents/Info.plist;
				IPHONEOS_DEPLOYMENT_TARGET = 8.0;
				LD_RUNPATH_SEARCH_PATHS = "$(inherited) @executable_path/Frameworks";
				PRODUCT_BUNDLE_IDENTIFIER = "xiaocool.cn.WXT-Parents";
				PRODUCT_NAME = "$(TARGET_NAME)";
			};
			name = Release;
		};
/* End XCBuildConfiguration section */

/* Begin XCConfigurationList section */
		EA40E38C1C30D33200072EC8 /* Build configuration list for PBXProject "WXT_Parents" */ = {
			isa = XCConfigurationList;
			buildConfigurations = (
				EA40E3A11C30D33200072EC8 /* Debug */,
				EA40E3A21C30D33200072EC8 /* Release */,
			);
			defaultConfigurationIsVisible = 0;
			defaultConfigurationName = Release;
		};
		EA40E3A31C30D33200072EC8 /* Build configuration list for PBXNativeTarget "WXT_Parents" */ = {
			isa = XCConfigurationList;
			buildConfigurations = (
				EA40E3A41C30D33200072EC8 /* Debug */,
				EA40E3A51C30D33200072EC8 /* Release */,
			);
			defaultConfigurationIsVisible = 0;
			defaultConfigurationName = Release;
		};
/* End XCConfigurationList section */
	};
	rootObject = EA40E3891C30D33200072EC8 /* Project object */;
}
